
Microsoft Visual Studio Solution File, Format Version 12.00
# Visual Studio Version 16
VisualStudioVersion = 16.0.29411.108
MinimumVisualStudioVersion = 10.0.40219.1
Project("{8BC9CEB8-8B4A-11D0-8D11-00A0C91BC942}") = "lab1", "lab1\lab1.vcxproj", "{C0FA2056-8D31-4BF6-BE0C-8DFE0BF16999}"
EndProject
Global
	GlobalSection(SolutionConfigurationPlatforms) = preSolution
		Debug|x64 = Debug|x64
		Debug|x86 = Debug|x86
		Release|x64 = Release|x64
		Release|x86 = Release|x86
	EndGlobalSection
	GlobalSection(ProjectConfigurationPlatforms) = postSolution
		{C0FA2056-8D31-4BF6-BE0C-8DFE0BF16999}.Debug|x64.ActiveCfg = Debug|x64
		{C0FA2056-8D31-4BF6-BE0C-8DFE0BF16999}.Debug|x64.Build.0 = Debug|x64
		{C0FA2056-8D31-4BF6-BE0C-8DFE0BF16999}.Debug|x86.ActiveCfg = Debug|Win32
		{C0FA2056-8D31-4BF6-BE0C-8DFE0BF16999}.Debug|x86.Build.0 = Debug|Win32
		{C0FA2056-8D31-4BF6-BE0C-8DFE0BF16999}.Release|x64.ActiveCfg = Release|x64
		{C0FA2056-8D31-4BF6-BE0C-8DFE0BF16999}.Release|x64.Build.0 = Release|x64
		{C0FA2056-8D31-4BF6-BE0C-8DFE0BF16999}.Release|x86.ActiveCfg = Release|Win32
		{C0FA2056-8D31-4BF6-BE0C-8DFE0BF16999}.Release|x86.Build.0 = Release|Win32
	EndGlobalSection
	GlobalSection(SolutionProperties) = preSolution
		HideSolutionNode = FALSE
	EndGlobalSection
	GlobalSection(ExtensibilityGlobals) = postSolution
		SolutionGuid = {32BAE8CB-BE2E-46DA-AB69-331B8A5AC6E3}
	EndGlobalSection
EndGlobal
